
Microsoft Visual Studio Solution File, Format Version 12.00
# Visual Studio 15
VisualStudioVersion = 15.0.26730.10
MinimumVisualStudioVersion = 10.0.40219.1
Project("{FAE04EC0-301F-11D3-BF4B-00C04F79EFBC}") = "API", "API\API.csproj", "{5CDE65FB-6E36-406B-9908-2F904D8D720E}"
EndProject
Global
	GlobalSection(SolutionConfigurationPlatforms) = preSolution
		Debug|Any CPU = Debug|Any CPU
		Release|Any CPU = Release|Any CPU
	EndGlobalSection
	GlobalSection(ProjectConfigurationPlatforms) = postSolution
		{5CDE65FB-6E36-406B-9908-2F904D8D720E}.Debug|Any CPU.ActiveCfg = Debug|Any CPU
		{5CDE65FB-6E36-406B-9908-2F904D8D720E}.Debug|Any CPU.Build.0 = Debug|Any CPU
		{5CDE65FB-6E36-406B-9908-2F904D8D720E}.Release|Any CPU.ActiveCfg = Release|Any CPU
		{5CDE65FB-6E36-406B-9908-2F904D8D720E}.Release|Any CPU.Build.0 = Release|Any CPU
	EndGlobalSection
	GlobalSection(SolutionProperties) = preSolution
		HideSolutionNode = FALSE
	EndGlobalSection
	GlobalSection(ExtensibilityGlobals) = postSolution
		SolutionGuid = {127B138D-48A3-4B5A-9078-95C8062D170F}
	EndGlobalSection
EndGlobal
